
Microsoft Visual Studio Solution File, Format Version 12.00
# Visual Studio 15
VisualStudioVersion = 15.0.27130.2036
MinimumVisualStudioVersion = 10.0.40219.1
Project("{9A19103F-16F7-4668-BE54-9A1E7A4F7556}") = "RestWithAspNetDockers", "RestWithAspNetDockers\RestWithAspNetDockers.csproj", "{8E6F6E55-3C59-4AB9-A5AD-1D2ED79EC389}"
EndProject
Project("{E53339B2-1760-4266-BCC7-CA923CBCF16C}") = "docker-compose", "docker-compose.dcproj", "{BCFC3517-29E1-46D4-A2E5-30BF72835E8E}"
EndProject
Global
	GlobalSection(SolutionConfigurationPlatforms) = preSolution
		Debug|Any CPU = Debug|Any CPU
		Release|Any CPU = Release|Any CPU
	EndGlobalSection
	GlobalSection(ProjectConfigurationPlatforms) = postSolution
		{8E6F6E55-3C59-4AB9-A5AD-1D2ED79EC389}.Debug|Any CPU.ActiveCfg = Debug|Any CPU
		{8E6F6E55-3C59-4AB9-A5AD-1D2ED79EC389}.Debug|Any CPU.Build.0 = Debug|Any CPU
		{8E6F6E55-3C59-4AB9-A5AD-1D2ED79EC389}.Release|Any CPU.ActiveCfg = Release|Any CPU
		{8E6F6E55-3C59-4AB9-A5AD-1D2ED79EC389}.Release|Any CPU.Build.0 = Release|Any CPU
		{BCFC3517-29E1-46D4-A2E5-30BF72835E8E}.Debug|Any CPU.ActiveCfg = Debug|Any CPU
		{BCFC3517-29E1-46D4-A2E5-30BF72835E8E}.Debug|Any CPU.Build.0 = Debug|Any CPU
		{BCFC3517-29E1-46D4-A2E5-30BF72835E8E}.Release|Any CPU.ActiveCfg = Release|Any CPU
		{BCFC3517-29E1-46D4-A2E5-30BF72835E8E}.Release|Any CPU.Build.0 = Release|Any CPU
	EndGlobalSection
	GlobalSection(SolutionProperties) = preSolution
		HideSolutionNode = FALSE
	EndGlobalSection
	GlobalSection(ExtensibilityGlobals) = postSolution
		SolutionGuid = {2CE88917-843B-4098-AD89-BBB5F142160B}
	EndGlobalSection
EndGlobal
