
Microsoft Visual Studio Solution File, Format Version 12.00
# Visual Studio 15
VisualStudioVersion = 15.0.27130.2036
MinimumVisualStudioVersion = 10.0.40219.1
Project("{FAE04EC0-301F-11D3-BF4B-00C04F79EFBC}") = "RestWithAspNetSwagger", "RestWithAspNetSwagger\RestWithAspNetSwagger.csproj", "{8B4AE645-C31F-46EB-85F6-DEF1034E6C82}"
EndProject
Global
	GlobalSection(SolutionConfigurationPlatforms) = preSolution
		Debug|Any CPU = Debug|Any CPU
		Release|Any CPU = Release|Any CPU
	EndGlobalSection
	GlobalSection(ProjectConfigurationPlatforms) = postSolution
		{8B4AE645-C31F-46EB-85F6-DEF1034E6C82}.Debug|Any CPU.ActiveCfg = Debug|Any CPU
		{8B4AE645-C31F-46EB-85F6-DEF1034E6C82}.Debug|Any CPU.Build.0 = Debug|Any CPU
		{8B4AE645-C31F-46EB-85F6-DEF1034E6C82}.Release|Any CPU.ActiveCfg = Release|Any CPU
		{8B4AE645-C31F-46EB-85F6-DEF1034E6C82}.Release|Any CPU.Build.0 = Release|Any CPU
	EndGlobalSection
	GlobalSection(SolutionProperties) = preSolution
		HideSolutionNode = FALSE
	EndGlobalSection
	GlobalSection(ExtensibilityGlobals) = postSolution
		SolutionGuid = {25381C16-EE2D-4F41-A9EF-DF2FC6CD8F23}
	EndGlobalSection
EndGlobal
