
Microsoft Visual Studio Solution File, Format Version 12.00
# Visual Studio 15
VisualStudioVersion = 15.0.27130.2036
MinimumVisualStudioVersion = 10.0.40219.1
Project("{FAE04EC0-301F-11D3-BF4B-00C04F79EFBC}") = "RestWithAspNetScaffolding", "RestWithAspNetScaffolding\RestWithAspNetScaffolding.csproj", "{9443A0CA-0022-4A7E-824B-1718A7BBED3A}"
EndProject
Global
	GlobalSection(SolutionConfigurationPlatforms) = preSolution
		Debug|Any CPU = Debug|Any CPU
		Release|Any CPU = Release|Any CPU
	EndGlobalSection
	GlobalSection(ProjectConfigurationPlatforms) = postSolution
		{9443A0CA-0022-4A7E-824B-1718A7BBED3A}.Debug|Any CPU.ActiveCfg = Debug|Any CPU
		{9443A0CA-0022-4A7E-824B-1718A7BBED3A}.Debug|Any CPU.Build.0 = Debug|Any CPU
		{9443A0CA-0022-4A7E-824B-1718A7BBED3A}.Release|Any CPU.ActiveCfg = Release|Any CPU
		{9443A0CA-0022-4A7E-824B-1718A7BBED3A}.Release|Any CPU.Build.0 = Release|Any CPU
	EndGlobalSection
	GlobalSection(SolutionProperties) = preSolution
		HideSolutionNode = FALSE
	EndGlobalSection
	GlobalSection(ExtensibilityGlobals) = postSolution
		SolutionGuid = {9AB7BFDC-A92F-48C8-B972-A6C88862A174}
	EndGlobalSection
EndGlobal
